
Microsoft Visual Studio Solution File, Format Version 12.00
# Visual Studio Version 17
VisualStudioVersion = 17.8.34330.188
MinimumVisualStudioVersion = 10.0.40219.1
Project("{FAE04EC0-301F-11D3-BF4B-00C04F79EFBC}") = "Projeto3", "Projeto3\Projeto3.csproj", "{B769D6AE-D034-40B1-A845-5E39C7216ADB}"
EndProject
Global
	GlobalSection(SolutionConfigurationPlatforms) = preSolution
		Debug|Any CPU = Debug|Any CPU
		Release|Any CPU = Release|Any CPU
	EndGlobalSection
	GlobalSection(ProjectConfigurationPlatforms) = postSolution
		{B769D6AE-D034-40B1-A845-5E39C7216ADB}.Debug|Any CPU.ActiveCfg = Debug|Any CPU
		{B769D6AE-D034-40B1-A845-5E39C7216ADB}.Debug|Any CPU.Build.0 = Debug|Any CPU
		{B769D6AE-D034-40B1-A845-5E39C7216ADB}.Release|Any CPU.ActiveCfg = Release|Any CPU
		{B769D6AE-D034-40B1-A845-5E39C7216ADB}.Release|Any CPU.Build.0 = Release|Any CPU
	EndGlobalSection
	GlobalSection(SolutionProperties) = preSolution
		HideSolutionNode = FALSE
	EndGlobalSection
	GlobalSection(ExtensibilityGlobals) = postSolution
		SolutionGuid = {0EAB9634-4E0C-4AF7-A388-B150ABD974D3}
	EndGlobalSection
EndGlobal
